# This file is @generated by PDM.
# It is not intended for manual editing.

[metadata]
groups = ["default", "data"]
strategy = ["inherit_metadata"]
lock_version = "4.5.0"
content_hash = "sha256:b7d469e1287e79b7c86f8d3b334bbd9dbef9dd1cefdd79d526b0cdd0a933bb4e"

[[metadata.targets]]
requires_python = "==3.11.*"

[[package]]
name = "bing-image-downloader"
version = "1.1.2"
summary = "Python library to download bulk images from Bing.com"
groups = ["data"]
files = [
    {file = "bing_image_downloader-1.1.2-py3-none-any.whl", hash = "sha256:3b912f81d3bea1861a395fe2a6111f6d14654085abc3dc7467fbb57fd040f676"},
    {file = "bing_image_downloader-1.1.2.tar.gz", hash = "sha256:bdc207ae5b036869ab42ca9d95d8f4b515c1e47e3ae0108b83a407e85eb36f7d"},
]

[[package]]
name = "colorama"
version = "0.4.6"
requires_python = "!=3.0.*,!=3.1.*,!=3.2.*,!=3.3.*,!=3.4.*,!=3.5.*,!=3.6.*,>=2.7"
summary = "Cross-platform colored terminal text."
groups = ["default"]
marker = "platform_system == \"Windows\""
files = [
    {file = "colorama-0.4.6-py2.py3-none-any.whl", hash = "sha256:4f1d9991f5acc0ca119f9d443620b77f9d6b33703e51011c16baf57afb285fc6"},
    {file = "colorama-0.4.6.tar.gz", hash = "sha256:08695f5cb7ed6e0531a20572697297273c47b8cae5a63ffc6d6ed5c201be6e44"},
]

[[package]]
name = "tqdm"
version = "4.66.5"
requires_python = ">=3.7"
summary = "Fast, Extensible Progress Meter"
groups = ["default"]
dependencies = [
    "colorama; platform_system == \"Windows\"",
]
files = [
    {file = "tqdm-4.66.5-py3-none-any.whl", hash = "sha256:90279a3770753eafc9194a0364852159802111925aa30eb3f9d85b0e805ac7cd"},
    {file = "tqdm-4.66.5.tar.gz", hash = "sha256:e1020aef2e5096702d8a025ac7d16b1577279c9d63f8375b63083e9a5f0fcbad"},
]
